// !$*UTF8*$!
{
	archiveVersion = 1;
	classes = {
	};
	objectVersion = 46;
	objects = {

/* Begin PBXBuildFile section */
		45A145B3DC6418ACF8AA037B /* libPods-BaldrUITests.a in Frameworks */ = {isa = PBXBuildFile; fileRef = 477BB853ED03D1227ED0938E /* libPods-BaldrUITests.a */; };
		58F9E622981670F5786AE928 /* libPods-BaldrTests.a in Frameworks */ = {isa = PBXBuildFile; fileRef = 5282551A3C2213FA5F262158 /* libPods-BaldrTests.a */; };
		5A46E53F1D95090D00A63C32 /* AppDelegate.swift in Sources */ = {isa = PBXBuildFile; fileRef = 5A46E53E1D95090D00A63C32 /* AppDelegate.swift */; };
		5A46E5411D95090D00A63C32 /* LightsTableViewController.swift in Sources */ = {isa = PBXBuildFile; fileRef = 5A46E5401D95090D00A63C32 /* LightsTableViewController.swift */; };
		5A46E5431D95090D00A63C32 /* RoomsTableViewController.swift in Sources */ = {isa = PBXBuildFile; fileRef = 5A46E5421D95090D00A63C32 /* RoomsTableViewController.swift */; };
		5A46E5461D95090D00A63C32 /* Main.storyboard in Resources */ = {isa = PBXBuildFile; fileRef = 5A46E5441D95090D00A63C32 /* Main.storyboard */; };
		5A46E5481D95090D00A63C32 /* Assets.xcassets in Resources */ = {isa = PBXBuildFile; fileRef = 5A46E5471D95090D00A63C32 /* Assets.xcassets */; };
		5A46E54B1D95090D00A63C32 /* LaunchScreen.storyboard in Resources */ = {isa = PBXBuildFile; fileRef = 5A46E5491D95090D00A63C32 /* LaunchScreen.storyboard */; };
		5A46E5561D95090D00A63C32 /* BaldrTests.swift in Sources */ = {isa = PBXBuildFile; fileRef = 5A46E5551D95090D00A63C32 /* BaldrTests.swift */; };
		5A46E5611D95090D00A63C32 /* BaldrUITests.swift in Sources */ = {isa = PBXBuildFile; fileRef = 5A46E5601D95090D00A63C32 /* BaldrUITests.swift */; };
		5A6AB7001DDE00060076B3F2 /* Pods_Baldr.framework in Frameworks */ = {isa = PBXBuildFile; fileRef = 76E983A314399B5E1ECADE13 /* Pods_Baldr.framework */; settings = {ATTRIBUTES = (Required, ); }; };
		5A9DABF11DA5A0EE00E67B56 /* AddLightViewController.swift in Sources */ = {isa = PBXBuildFile; fileRef = 5A9DABF01DA5A0EE00E67B56 /* AddLightViewController.swift */; };
		5A9DABF51DA6698600E67B56 /* AddRoomViewController.swift in Sources */ = {isa = PBXBuildFile; fileRef = 5A9DABF41DA6698600E67B56 /* AddRoomViewController.swift */; };
		5A9DABF71DA6698F00E67B56 /* AddMoodViewController.swift in Sources */ = {isa = PBXBuildFile; fileRef = 5A9DABF61DA6698F00E67B56 /* AddMoodViewController.swift */; };
		5AC26AA41DE3FD990090ECAC /* CoreLightCell+CoreDataClass.swift in Sources */ = {isa = PBXBuildFile; fileRef = 5AC26AA21DE3FD990090ECAC /* CoreLightCell+CoreDataClass.swift */; };
		5AC26AA51DE3FD990090ECAC /* CoreLightCell+CoreDataProperties.swift in Sources */ = {isa = PBXBuildFile; fileRef = 5AC26AA31DE3FD990090ECAC /* CoreLightCell+CoreDataProperties.swift */; };
		5AC6993D1DA67D6F009432E2 /* MasterTableViewCell.swift in Sources */ = {isa = PBXBuildFile; fileRef = 5AC6993B1DA67D6F009432E2 /* MasterTableViewCell.swift */; };
		5AC6993E1DA67D6F009432E2 /* MasterTableViewCell.xib in Resources */ = {isa = PBXBuildFile; fileRef = 5AC6993C1DA67D6F009432E2 /* MasterTableViewCell.xib */; };
		5AD0AB6E1DB392E60012B913 /* RoomsTableViewCell.swift in Sources */ = {isa = PBXBuildFile; fileRef = 5AD0AB6C1DB392E60012B913 /* RoomsTableViewCell.swift */; };
		5AD0AB6F1DB392E60012B913 /* RoomsTableViewCell.xib in Resources */ = {isa = PBXBuildFile; fileRef = 5AD0AB6D1DB392E60012B913 /* RoomsTableViewCell.xib */; };
		5AD0AB721DB396D00012B913 /* MoodsTableViewCell.swift in Sources */ = {isa = PBXBuildFile; fileRef = 5AD0AB701DB396D00012B913 /* MoodsTableViewCell.swift */; };
		5AD0AB731DB396D00012B913 /* MoodsTableViewCell.xib in Resources */ = {isa = PBXBuildFile; fileRef = 5AD0AB711DB396D00012B913 /* MoodsTableViewCell.xib */; };
		5AE333521DA05E4600D679BF /* MoodsTableViewController.swift in Sources */ = {isa = PBXBuildFile; fileRef = 5AE333511DA05E4600D679BF /* MoodsTableViewController.swift */; };
		5AE675C01DF05D2A0063DF87 /* EditLightViewController.swift in Sources */ = {isa = PBXBuildFile; fileRef = 5AE675BF1DF05D2A0063DF87 /* EditLightViewController.swift */; };
		5AF59D301DDA06750053700C /* Baldr.xcdatamodeld in Sources */ = {isa = PBXBuildFile; fileRef = 5AF59D2E1DDA06750053700C /* Baldr.xcdatamodeld */; };
		A2206C461DD9EE8C00C2205E /* Light.swift in Sources */ = {isa = PBXBuildFile; fileRef = A2206C451DD9EE8C00C2205E /* Light.swift */; };
		A2D697821DB918A300200200 /* LightsTableViewCell.swift in Sources */ = {isa = PBXBuildFile; fileRef = A2D697801DB918A300200200 /* LightsTableViewCell.swift */; };
		A2D697831DB918A300200200 /* LightsTableViewCell.xib in Resources */ = {isa = PBXBuildFile; fileRef = A2D697811DB918A300200200 /* LightsTableViewCell.xib */; };
/* End PBXBuildFile section */

/* Begin PBXContainerItemProxy section */
		5A46E5521D95090D00A63C32 /* PBXContainerItemProxy */ = {
			isa = PBXContainerItemProxy;
			containerPortal = 5A46E5331D95090C00A63C32 /* Project object */;
			proxyType = 1;
			remoteGlobalIDString = 5A46E53A1D95090D00A63C32;
			remoteInfo = Baldr;
		};
		5A46E55D1D95090D00A63C32 /* PBXContainerItemProxy */ = {
			isa = PBXContainerItemProxy;
			containerPortal = 5A46E5331D95090C00A63C32 /* Project object */;
			proxyType = 1;
			remoteGlobalIDString = 5A46E53A1D95090D00A63C32;
			remoteInfo = Baldr;
		};
/* End PBXContainerItemProxy section */

/* Begin PBXFileReference section */
		018FF7EFC16388258F57F2C3 /* Pods-Baldr.release.xcconfig */ = {isa = PBXFileReference; includeInIndex = 1; lastKnownFileType = text.xcconfig; name = "Pods-Baldr.release.xcconfig"; path = "Pods/Target Support Files/Pods-Baldr/Pods-Baldr.release.xcconfig"; sourceTree = "<group>"; };
		43541D11A501E8EDF43DA821 /* Pods-BaldrTests.release.xcconfig */ = {isa = PBXFileReference; includeInIndex = 1; lastKnownFileType = text.xcconfig; name = "Pods-BaldrTests.release.xcconfig"; path = "Pods/Target Support Files/Pods-BaldrTests/Pods-BaldrTests.release.xcconfig"; sourceTree = "<group>"; };
		477BB853ED03D1227ED0938E /* libPods-BaldrUITests.a */ = {isa = PBXFileReference; explicitFileType = archive.ar; includeInIndex = 0; path = "libPods-BaldrUITests.a"; sourceTree = BUILT_PRODUCTS_DIR; };
		47C7466225909A0D460ED22F /* Pods-BaldrUITests.debug.xcconfig */ = {isa = PBXFileReference; includeInIndex = 1; lastKnownFileType = text.xcconfig; name = "Pods-BaldrUITests.debug.xcconfig"; path = "Pods/Target Support Files/Pods-BaldrUITests/Pods-BaldrUITests.debug.xcconfig"; sourceTree = "<group>"; };
		5282551A3C2213FA5F262158 /* libPods-BaldrTests.a */ = {isa = PBXFileReference; explicitFileType = archive.ar; includeInIndex = 0; path = "libPods-BaldrTests.a"; sourceTree = BUILT_PRODUCTS_DIR; };
		5A2DC2911DDDF82600A21FEE /* CocoaMQTT.framework */ = {isa = PBXFileReference; lastKnownFileType = wrapper.framework; name = CocoaMQTT.framework; path = "../../Library/Developer/Xcode/DerivedData/Baldr-gumdnrqrbyxjclamcfwttvvrnnaj/Build/Products/Debug-iphoneos/CocoaMQTT/CocoaMQTT.framework"; sourceTree = "<group>"; };
		5A46E53B1D95090D00A63C32 /* Baldr.app */ = {isa = PBXFileReference; explicitFileType = wrapper.application; includeInIndex = 0; path = Baldr.app; sourceTree = BUILT_PRODUCTS_DIR; };
		5A46E53E1D95090D00A63C32 /* AppDelegate.swift */ = {isa = PBXFileReference; lastKnownFileType = sourcecode.swift; path = AppDelegate.swift; sourceTree = "<group>"; };
		5A46E5401D95090D00A63C32 /* LightsTableViewController.swift */ = {isa = PBXFileReference; lastKnownFileType = sourcecode.swift; path = LightsTableViewController.swift; sourceTree = "<group>"; };
		5A46E5421D95090D00A63C32 /* RoomsTableViewController.swift */ = {isa = PBXFileReference; lastKnownFileType = sourcecode.swift; path = RoomsTableViewController.swift; sourceTree = "<group>"; };
		5A46E5451D95090D00A63C32 /* Base */ = {isa = PBXFileReference; lastKnownFileType = file.storyboard; name = Base; path = Base.lproj/Main.storyboard; sourceTree = "<group>"; };
		5A46E5471D95090D00A63C32 /* Assets.xcassets */ = {isa = PBXFileReference; lastKnownFileType = folder.assetcatalog; path = Assets.xcassets; sourceTree = "<group>"; };
		5A46E54A1D95090D00A63C32 /* Base */ = {isa = PBXFileReference; lastKnownFileType = file.storyboard; name = Base; path = Base.lproj/LaunchScreen.storyboard; sourceTree = "<group>"; };
		5A46E54C1D95090D00A63C32 /* Info.plist */ = {isa = PBXFileReference; lastKnownFileType = text.plist.xml; path = Info.plist; sourceTree = "<group>"; };
		5A46E5511D95090D00A63C32 /* BaldrTests.xctest */ = {isa = PBXFileReference; explicitFileType = wrapper.cfbundle; includeInIndex = 0; path = BaldrTests.xctest; sourceTree = BUILT_PRODUCTS_DIR; };
		5A46E5551D95090D00A63C32 /* BaldrTests.swift */ = {isa = PBXFileReference; lastKnownFileType = sourcecode.swift; path = BaldrTests.swift; sourceTree = "<group>"; };
		5A46E5571D95090D00A63C32 /* Info.plist */ = {isa = PBXFileReference; lastKnownFileType = text.plist.xml; path = Info.plist; sourceTree = "<group>"; };
		5A46E55C1D95090D00A63C32 /* BaldrUITests.xctest */ = {isa = PBXFileReference; explicitFileType = wrapper.cfbundle; includeInIndex = 0; path = BaldrUITests.xctest; sourceTree = BUILT_PRODUCTS_DIR; };
		5A46E5601D95090D00A63C32 /* BaldrUITests.swift */ = {isa = PBXFileReference; lastKnownFileType = sourcecode.swift; path = BaldrUITests.swift; sourceTree = "<group>"; };
		5A46E5621D95090D00A63C32 /* Info.plist */ = {isa = PBXFileReference; lastKnownFileType = text.plist.xml; path = Info.plist; sourceTree = "<group>"; };
		5A9DABF01DA5A0EE00E67B56 /* AddLightViewController.swift */ = {isa = PBXFileReference; fileEncoding = 4; lastKnownFileType = sourcecode.swift; path = AddLightViewController.swift; sourceTree = "<group>"; };
		5A9DABF41DA6698600E67B56 /* AddRoomViewController.swift */ = {isa = PBXFileReference; fileEncoding = 4; lastKnownFileType = sourcecode.swift; path = AddRoomViewController.swift; sourceTree = "<group>"; };
		5A9DABF61DA6698F00E67B56 /* AddMoodViewController.swift */ = {isa = PBXFileReference; fileEncoding = 4; lastKnownFileType = sourcecode.swift; path = AddMoodViewController.swift; sourceTree = "<group>"; };
		5AC26AA21DE3FD990090ECAC /* CoreLightCell+CoreDataClass.swift */ = {isa = PBXFileReference; fileEncoding = 4; lastKnownFileType = sourcecode.swift; path = "CoreLightCell+CoreDataClass.swift"; sourceTree = "<group>"; };
		5AC26AA31DE3FD990090ECAC /* CoreLightCell+CoreDataProperties.swift */ = {isa = PBXFileReference; fileEncoding = 4; lastKnownFileType = sourcecode.swift; path = "CoreLightCell+CoreDataProperties.swift"; sourceTree = "<group>"; };
		5AC6993B1DA67D6F009432E2 /* MasterTableViewCell.swift */ = {isa = PBXFileReference; fileEncoding = 4; lastKnownFileType = sourcecode.swift; path = MasterTableViewCell.swift; sourceTree = "<group>"; };
		5AC6993C1DA67D6F009432E2 /* MasterTableViewCell.xib */ = {isa = PBXFileReference; fileEncoding = 4; lastKnownFileType = file.xib; path = MasterTableViewCell.xib; sourceTree = "<group>"; };
		5AD0AB6C1DB392E60012B913 /* RoomsTableViewCell.swift */ = {isa = PBXFileReference; fileEncoding = 4; lastKnownFileType = sourcecode.swift; path = RoomsTableViewCell.swift; sourceTree = "<group>"; };
		5AD0AB6D1DB392E60012B913 /* RoomsTableViewCell.xib */ = {isa = PBXFileReference; fileEncoding = 4; lastKnownFileType = file.xib; path = RoomsTableViewCell.xib; sourceTree = "<group>"; };
		5AD0AB701DB396D00012B913 /* MoodsTableViewCell.swift */ = {isa = PBXFileReference; fileEncoding = 4; lastKnownFileType = sourcecode.swift; path = MoodsTableViewCell.swift; sourceTree = "<group>"; };
		5AD0AB711DB396D00012B913 /* MoodsTableViewCell.xib */ = {isa = PBXFileReference; fileEncoding = 4; lastKnownFileType = file.xib; path = MoodsTableViewCell.xib; sourceTree = "<group>"; };
		5AE333511DA05E4600D679BF /* MoodsTableViewController.swift */ = {isa = PBXFileReference; fileEncoding = 4; lastKnownFileType = sourcecode.swift; path = MoodsTableViewController.swift; sourceTree = "<group>"; };
		5AE675BF1DF05D2A0063DF87 /* EditLightViewController.swift */ = {isa = PBXFileReference; fileEncoding = 4; lastKnownFileType = sourcecode.swift; path = EditLightViewController.swift; sourceTree = "<group>"; };
		5AF59D2F1DDA06750053700C /* Baldr.xcdatamodel */ = {isa = PBXFileReference; lastKnownFileType = wrapper.xcdatamodel; path = Baldr.xcdatamodel; sourceTree = "<group>"; };
		5AF59D311DDDF2BE0053700C /* CocoaMQTT.framework */ = {isa = PBXFileReference; lastKnownFileType = wrapper.framework; name = CocoaMQTT.framework; path = "Pods/../build/Release-iphoneos/CocoaMQTT/CocoaMQTT.framework"; sourceTree = "<group>"; };
		5AF59D331DDDF2CB0053700C /* CocoaAsyncSocket.framework */ = {isa = PBXFileReference; lastKnownFileType = wrapper.framework; name = CocoaAsyncSocket.framework; path = "Pods/../build/Release-iphoneos/CocoaAsyncSocket/CocoaAsyncSocket.framework"; sourceTree = "<group>"; };
		5AF59D351DDDF2E70053700C /* Pods_Baldr.framework */ = {isa = PBXFileReference; lastKnownFileType = wrapper.framework; name = Pods_Baldr.framework; path = "Pods/../build/Release-iphoneos/Pods_Baldr.framework"; sourceTree = "<group>"; };
		5AF59D371DDDF2EF0053700C /* MSWeakTimer.framework */ = {isa = PBXFileReference; lastKnownFileType = wrapper.framework; name = MSWeakTimer.framework; path = "Pods/../build/Release-iphoneos/MSWeakTimer/MSWeakTimer.framework"; sourceTree = "<group>"; };
		76E983A314399B5E1ECADE13 /* Pods_Baldr.framework */ = {isa = PBXFileReference; explicitFileType = wrapper.framework; includeInIndex = 0; path = Pods_Baldr.framework; sourceTree = BUILT_PRODUCTS_DIR; };
		A2206C451DD9EE8C00C2205E /* Light.swift */ = {isa = PBXFileReference; fileEncoding = 4; lastKnownFileType = sourcecode.swift; path = Light.swift; sourceTree = "<group>"; };
		A2D697801DB918A300200200 /* LightsTableViewCell.swift */ = {isa = PBXFileReference; fileEncoding = 4; lastKnownFileType = sourcecode.swift; path = LightsTableViewCell.swift; sourceTree = "<group>"; };
		A2D697811DB918A300200200 /* LightsTableViewCell.xib */ = {isa = PBXFileReference; fileEncoding = 4; lastKnownFileType = file.xib; path = LightsTableViewCell.xib; sourceTree = "<group>"; };
		ABA94BA0416A01FA452F191D /* Pods-BaldrUITests.release.xcconfig */ = {isa = PBXFileReference; includeInIndex = 1; lastKnownFileType = text.xcconfig; name = "Pods-BaldrUITests.release.xcconfig"; path = "Pods/Target Support Files/Pods-BaldrUITests/Pods-BaldrUITests.release.xcconfig"; sourceTree = "<group>"; };
		BB09EA7C99839BCDB3F0CC30 /* Pods-Baldr.debug.xcconfig */ = {isa = PBXFileReference; includeInIndex = 1; lastKnownFileType = text.xcconfig; name = "Pods-Baldr.debug.xcconfig"; path = "Pods/Target Support Files/Pods-Baldr/Pods-Baldr.debug.xcconfig"; sourceTree = "<group>"; };
		CA66151C54CEA96964580E22 /* Pods-BaldrTests.debug.xcconfig */ = {isa = PBXFileReference; includeInIndex = 1; lastKnownFileType = text.xcconfig; name = "Pods-BaldrTests.debug.xcconfig"; path = "Pods/Target Support Files/Pods-BaldrTests/Pods-BaldrTests.debug.xcconfig"; sourceTree = "<group>"; };
/* End PBXFileReference section */

/* Begin PBXFrameworksBuildPhase section */
		5A46E5381D95090D00A63C32 /* Frameworks */ = {
			isa = PBXFrameworksBuildPhase;
			buildActionMask = 2147483647;
			files = (
				5A6AB7001DDE00060076B3F2 /* Pods_Baldr.framework in Frameworks */,
			);
			runOnlyForDeploymentPostprocessing = 0;
		};
		5A46E54E1D95090D00A63C32 /* Frameworks */ = {
			isa = PBXFrameworksBuildPhase;
			buildActionMask = 2147483647;
			files = (
				58F9E622981670F5786AE928 /* libPods-BaldrTests.a in Frameworks */,
			);
			runOnlyForDeploymentPostprocessing = 0;
		};
		5A46E5591D95090D00A63C32 /* Frameworks */ = {
			isa = PBXFrameworksBuildPhase;
			buildActionMask = 2147483647;
			files = (
				45A145B3DC6418ACF8AA037B /* libPods-BaldrUITests.a in Frameworks */,
			);
			runOnlyForDeploymentPostprocessing = 0;
		};
/* End PBXFrameworksBuildPhase section */

/* Begin PBXGroup section */
		46BE5C37B243ECE70B399592 /* Frameworks */ = {
			isa = PBXGroup;
			children = (
				5A2DC2911DDDF82600A21FEE /* CocoaMQTT.framework */,
				5AF59D371DDDF2EF0053700C /* MSWeakTimer.framework */,
				5AF59D351DDDF2E70053700C /* Pods_Baldr.framework */,
				5AF59D331DDDF2CB0053700C /* CocoaAsyncSocket.framework */,
				5AF59D311DDDF2BE0053700C /* CocoaMQTT.framework */,
				76E983A314399B5E1ECADE13 /* Pods_Baldr.framework */,
				5282551A3C2213FA5F262158 /* libPods-BaldrTests.a */,
				477BB853ED03D1227ED0938E /* libPods-BaldrUITests.a */,
			);
			name = Frameworks;
			sourceTree = "<group>";
		};
		5A46E5321D95090C00A63C32 = {
			isa = PBXGroup;
			children = (
				5A46E53D1D95090D00A63C32 /* Baldr */,
				5A46E5541D95090D00A63C32 /* BaldrTests */,
				5A46E55F1D95090D00A63C32 /* BaldrUITests */,
				5A46E53C1D95090D00A63C32 /* Products */,
				C4D5233E30FD0F4D86803D0C /* Pods */,
				46BE5C37B243ECE70B399592 /* Frameworks */,
			);
			sourceTree = "<group>";
		};
		5A46E53C1D95090D00A63C32 /* Products */ = {
			isa = PBXGroup;
			children = (
				5A46E53B1D95090D00A63C32 /* Baldr.app */,
				5A46E5511D95090D00A63C32 /* BaldrTests.xctest */,
				5A46E55C1D95090D00A63C32 /* BaldrUITests.xctest */,
			);
			name = Products;
			sourceTree = "<group>";
		};
		5A46E53D1D95090D00A63C32 /* Baldr */ = {
			isa = PBXGroup;
			children = (
				5AC26AA21DE3FD990090ECAC /* CoreLightCell+CoreDataClass.swift */,
				5AC26AA31DE3FD990090ECAC /* CoreLightCell+CoreDataProperties.swift */,
				5AD0AB6B1DB38FB00012B913 /* CustomCells */,
				5A46E53E1D95090D00A63C32 /* AppDelegate.swift */,
				5A46E5401D95090D00A63C32 /* LightsTableViewController.swift */,
				5AF59D2E1DDA06750053700C /* Baldr.xcdatamodeld */,
				5A46E5421D95090D00A63C32 /* RoomsTableViewController.swift */,
				5AE333511DA05E4600D679BF /* MoodsTableViewController.swift */,
				5A46E5441D95090D00A63C32 /* Main.storyboard */,
				5A9DABF01DA5A0EE00E67B56 /* AddLightViewController.swift */,
				5AE675BF1DF05D2A0063DF87 /* EditLightViewController.swift */,
				5A9DABF41DA6698600E67B56 /* AddRoomViewController.swift */,
				5A9DABF61DA6698F00E67B56 /* AddMoodViewController.swift */,
				5A46E5471D95090D00A63C32 /* Assets.xcassets */,
				5A46E5491D95090D00A63C32 /* LaunchScreen.storyboard */,
				5A46E54C1D95090D00A63C32 /* Info.plist */,
				A2206C451DD9EE8C00C2205E /* Light.swift */,
			);
			path = Baldr;
			sourceTree = "<group>";
		};
		5A46E5541D95090D00A63C32 /* BaldrTests */ = {
			isa = PBXGroup;
			children = (
				5A46E5551D95090D00A63C32 /* BaldrTests.swift */,
				5A46E5571D95090D00A63C32 /* Info.plist */,
			);
			path = BaldrTests;
			sourceTree = "<group>";
		};
		5A46E55F1D95090D00A63C32 /* BaldrUITests */ = {
			isa = PBXGroup;
			children = (
				5A46E5601D95090D00A63C32 /* BaldrUITests.swift */,
				5A46E5621D95090D00A63C32 /* Info.plist */,
			);
			path = BaldrUITests;
			sourceTree = "<group>";
		};
		5AD0AB6B1DB38FB00012B913 /* CustomCells */ = {
			isa = PBXGroup;
			children = (
				A2D697801DB918A300200200 /* LightsTableViewCell.swift */,
				A2D697811DB918A300200200 /* LightsTableViewCell.xib */,
				5AC6993B1DA67D6F009432E2 /* MasterTableViewCell.swift */,
				5AC6993C1DA67D6F009432E2 /* MasterTableViewCell.xib */,
				5AD0AB6C1DB392E60012B913 /* RoomsTableViewCell.swift */,
				5AD0AB6D1DB392E60012B913 /* RoomsTableViewCell.xib */,
				5AD0AB701DB396D00012B913 /* MoodsTableViewCell.swift */,
				5AD0AB711DB396D00012B913 /* MoodsTableViewCell.xib */,
			);
			name = CustomCells;
			sourceTree = "<group>";
		};
		C4D5233E30FD0F4D86803D0C /* Pods */ = {
			isa = PBXGroup;
			children = (
				BB09EA7C99839BCDB3F0CC30 /* Pods-Baldr.debug.xcconfig */,
				018FF7EFC16388258F57F2C3 /* Pods-Baldr.release.xcconfig */,
				CA66151C54CEA96964580E22 /* Pods-BaldrTests.debug.xcconfig */,
				43541D11A501E8EDF43DA821 /* Pods-BaldrTests.release.xcconfig */,
				47C7466225909A0D460ED22F /* Pods-BaldrUITests.debug.xcconfig */,
				ABA94BA0416A01FA452F191D /* Pods-BaldrUITests.release.xcconfig */,
			);
			name = Pods;
			sourceTree = "<group>";
		};
/* End PBXGroup section */

/* Begin PBXNativeTarget section */
		5A46E53A1D95090D00A63C32 /* Baldr */ = {
			isa = PBXNativeTarget;
			buildConfigurationList = 5A46E5651D95090D00A63C32 /* Build configuration list for PBXNativeTarget "Baldr" */;
			buildPhases = (
				18B9A74CDAB94814AA388AEC /* [CP] Check Pods Manifest.lock */,
				5A46E5371D95090D00A63C32 /* Sources */,
				5A46E5381D95090D00A63C32 /* Frameworks */,
				5A46E5391D95090D00A63C32 /* Resources */,
				18973C5B486117C20A246360 /* [CP] Embed Pods Frameworks */,
				4165430C7089B71838C18593 /* [CP] Copy Pods Resources */,
			);
			buildRules = (
			);
			dependencies = (
			);
			name = Baldr;
			productName = Baldr;
			productReference = 5A46E53B1D95090D00A63C32 /* Baldr.app */;
			productType = "com.apple.product-type.application";
		};
		5A46E5501D95090D00A63C32 /* BaldrTests */ = {
			isa = PBXNativeTarget;
			buildConfigurationList = 5A46E5681D95090D00A63C32 /* Build configuration list for PBXNativeTarget "BaldrTests" */;
			buildPhases = (
				755B2EDDE56203B6456EDFA3 /* [CP] Check Pods Manifest.lock */,
				5A46E54D1D95090D00A63C32 /* Sources */,
				5A46E54E1D95090D00A63C32 /* Frameworks */,
				5A46E54F1D95090D00A63C32 /* Resources */,
				018A3220CF5C6B5E37B7B0B5 /* [CP] Embed Pods Frameworks */,
				DE13D7F0EB386BA29F19AFAB /* [CP] Copy Pods Resources */,
			);
			buildRules = (
			);
			dependencies = (
				5A46E5531D95090D00A63C32 /* PBXTargetDependency */,
			);
			name = BaldrTests;
			productName = BaldrTests;
			productReference = 5A46E5511D95090D00A63C32 /* BaldrTests.xctest */;
			productType = "com.apple.product-type.bundle.unit-test";
		};
		5A46E55B1D95090D00A63C32 /* BaldrUITests */ = {
			isa = PBXNativeTarget;
			buildConfigurationList = 5A46E56B1D95090D00A63C32 /* Build configuration list for PBXNativeTarget "BaldrUITests" */;
			buildPhases = (
				A919DCCDD88F177EED913040 /* [CP] Check Pods Manifest.lock */,
				5A46E5581D95090D00A63C32 /* Sources */,
				5A46E5591D95090D00A63C32 /* Frameworks */,
				5A46E55A1D95090D00A63C32 /* Resources */,
				A6F8A8EE67B72F5FB92D76D5 /* [CP] Embed Pods Frameworks */,
				A1B2EB6BC9B711D205309B68 /* [CP] Copy Pods Resources */,
			);
			buildRules = (
			);
			dependencies = (
				5A46E55E1D95090D00A63C32 /* PBXTargetDependency */,
			);
			name = BaldrUITests;
			productName = BaldrUITests;
			productReference = 5A46E55C1D95090D00A63C32 /* BaldrUITests.xctest */;
			productType = "com.apple.product-type.bundle.ui-testing";
		};
/* End PBXNativeTarget section */

/* Begin PBXProject section */
		5A46E5331D95090C00A63C32 /* Project object */ = {
			isa = PBXProject;
			attributes = {
				LastSwiftUpdateCheck = 0800;
				LastUpgradeCheck = 0810;
				ORGANIZATIONNAME = "Thomas Emilsson";
				TargetAttributes = {
					5A46E53A1D95090D00A63C32 = {
						CreatedOnToolsVersion = 8.0;
						DevelopmentTeam = 7V33P253N4;
						ProvisioningStyle = Automatic;
					};
					5A46E5501D95090D00A63C32 = {
						CreatedOnToolsVersion = 8.0;
						DevelopmentTeam = 7V33P253N4;
						ProvisioningStyle = Automatic;
						TestTargetID = 5A46E53A1D95090D00A63C32;
					};
					5A46E55B1D95090D00A63C32 = {
						CreatedOnToolsVersion = 8.0;
						DevelopmentTeam = 7V33P253N4;
						ProvisioningStyle = Automatic;
						TestTargetID = 5A46E53A1D95090D00A63C32;
					};
				};
			};
			buildConfigurationList = 5A46E5361D95090C00A63C32 /* Build configuration list for PBXProject "Baldr" */;
			compatibilityVersion = "Xcode 3.2";
			developmentRegion = English;
			hasScannedForEncodings = 0;
			knownRegions = (
				en,
				Base,
			);
			mainGroup = 5A46E5321D95090C00A63C32;
			productRefGroup = 5A46E53C1D95090D00A63C32 /* Products */;
			projectDirPath = "";
			projectRoot = "";
			targets = (
				5A46E53A1D95090D00A63C32 /* Baldr */,
				5A46E5501D95090D00A63C32 /* BaldrTests */,
				5A46E55B1D95090D00A63C32 /* BaldrUITests */,
			);
		};
/* End PBXProject section */

/* Begin PBXResourcesBuildPhase section */
		5A46E5391D95090D00A63C32 /* Resources */ = {
			isa = PBXResourcesBuildPhase;
			buildActionMask = 2147483647;
			files = (
				5AD0AB731DB396D00012B913 /* MoodsTableViewCell.xib in Resources */,
				5A46E54B1D95090D00A63C32 /* LaunchScreen.storyboard in Resources */,
				A2D697831DB918A300200200 /* LightsTableViewCell.xib in Resources */,
				5A46E5481D95090D00A63C32 /* Assets.xcassets in Resources */,
				5AD0AB6F1DB392E60012B913 /* RoomsTableViewCell.xib in Resources */,
				5A46E5461D95090D00A63C32 /* Main.storyboard in Resources */,
				5AC6993E1DA67D6F009432E2 /* MasterTableViewCell.xib in Resources */,
			);
			runOnlyForDeploymentPostprocessing = 0;
		};
		5A46E54F1D95090D00A63C32 /* Resources */ = {
			isa = PBXResourcesBuildPhase;
			buildActionMask = 2147483647;
			files = (
			);
			runOnlyForDeploymentPostprocessing = 0;
		};
		5A46E55A1D95090D00A63C32 /* Resources */ = {
			isa = PBXResourcesBuildPhase;
			buildActionMask = 2147483647;
			files = (
			);
			runOnlyForDeploymentPostprocessing = 0;
		};
/* End PBXResourcesBuildPhase section */

/* Begin PBXShellScriptBuildPhase section */
		018A3220CF5C6B5E37B7B0B5 /* [CP] Embed Pods Frameworks */ = {
			isa = PBXShellScriptBuildPhase;
			buildActionMask = 2147483647;
			files = (
			);
			inputPaths = (
			);
			name = "[CP] Embed Pods Frameworks";
			outputPaths = (
			);
			runOnlyForDeploymentPostprocessing = 0;
			shellPath = /bin/sh;
			shellScript = "\"${SRCROOT}/Pods/Target Support Files/Pods-BaldrTests/Pods-BaldrTests-frameworks.sh\"\n";
			showEnvVarsInLog = 0;
		};
		18973C5B486117C20A246360 /* [CP] Embed Pods Frameworks */ = {
			isa = PBXShellScriptBuildPhase;
			buildActionMask = 2147483647;
			files = (
			);
			inputPaths = (
			);
			name = "[CP] Embed Pods Frameworks";
			outputPaths = (
			);
			runOnlyForDeploymentPostprocessing = 0;
			shellPath = /bin/sh;
			shellScript = "\"${SRCROOT}/Pods/Target Support Files/Pods-Baldr/Pods-Baldr-frameworks.sh\"\n";
			showEnvVarsInLog = 0;
		};
		18B9A74CDAB94814AA388AEC /* [CP] Check Pods Manifest.lock */ = {
			isa = PBXShellScriptBuildPhase;
			buildActionMask = 2147483647;
			files = (
			);
			inputPaths = (
			);
			name = "[CP] Check Pods Manifest.lock";
			outputPaths = (
			);
			runOnlyForDeploymentPostprocessing = 0;
			shellPath = /bin/sh;
			shellScript = "diff \"${PODS_ROOT}/../Podfile.lock\" \"${PODS_ROOT}/Manifest.lock\" > /dev/null\nif [ $? != 0 ] ; then\n    # print error to STDERR\n    echo \"error: The sandbox is not in sync with the Podfile.lock. Run 'pod install' or update your CocoaPods installation.\" >&2\n    exit 1\nfi\n";
			showEnvVarsInLog = 0;
		};
		4165430C7089B71838C18593 /* [CP] Copy Pods Resources */ = {
			isa = PBXShellScriptBuildPhase;
			buildActionMask = 2147483647;
			files = (
			);
			inputPaths = (
			);
			name = "[CP] Copy Pods Resources";
			outputPaths = (
			);
			runOnlyForDeploymentPostprocessing = 0;
			shellPath = /bin/sh;
			shellScript = "\"${SRCROOT}/Pods/Target Support Files/Pods-Baldr/Pods-Baldr-resources.sh\"\n";
			showEnvVarsInLog = 0;
		};
		755B2EDDE56203B6456EDFA3 /* [CP] Check Pods Manifest.lock */ = {
			isa = PBXShellScriptBuildPhase;
			buildActionMask = 2147483647;
			files = (
			);
			inputPaths = (
			);
			name = "[CP] Check Pods Manifest.lock";
			outputPaths = (
			);
			runOnlyForDeploymentPostprocessing = 0;
			shellPath = /bin/sh;
			shellScript = "diff \"${PODS_ROOT}/../Podfile.lock\" \"${PODS_ROOT}/Manifest.lock\" > /dev/null\nif [ $? != 0 ] ; then\n    # print error to STDERR\n    echo \"error: The sandbox is not in sync with the Podfile.lock. Run 'pod install' or update your CocoaPods installation.\" >&2\n    exit 1\nfi\n";
			showEnvVarsInLog = 0;
		};
		A1B2EB6BC9B711D205309B68 /* [CP] Copy Pods Resources */ = {
			isa = PBXShellScriptBuildPhase;
			buildActionMask = 2147483647;
			files = (
			);
			inputPaths = (
			);
			name = "[CP] Copy Pods Resources";
			outputPaths = (
			);
			runOnlyForDeploymentPostprocessing = 0;
			shellPath = /bin/sh;
			shellScript = "\"${SRCROOT}/Pods/Target Support Files/Pods-BaldrUITests/Pods-BaldrUITests-resources.sh\"\n";
			showEnvVarsInLog = 0;
		};
		A6F8A8EE67B72F5FB92D76D5 /* [CP] Embed Pods Frameworks */ = {
			isa = PBXShellScriptBuildPhase;
			buildActionMask = 2147483647;
			files = (
			);
			inputPaths = (
			);
			name = "[CP] Embed Pods Frameworks";
			outputPaths = (
			);
			runOnlyForDeploymentPostprocessing = 0;
			shellPath = /bin/sh;
			shellScript = "\"${SRCROOT}/Pods/Target Support Files/Pods-BaldrUITests/Pods-BaldrUITests-frameworks.sh\"\n";
			showEnvVarsInLog = 0;
		};
		A919DCCDD88F177EED913040 /* [CP] Check Pods Manifest.lock */ = {
			isa = PBXShellScriptBuildPhase;
			buildActionMask = 2147483647;
			files = (
			);
			inputPaths = (
			);
			name = "[CP] Check Pods Manifest.lock";
			outputPaths = (
			);
			runOnlyForDeploymentPostprocessing = 0;
			shellPath = /bin/sh;
			shellScript = "diff \"${PODS_ROOT}/../Podfile.lock\" \"${PODS_ROOT}/Manifest.lock\" > /dev/null\nif [ $? != 0 ] ; then\n    # print error to STDERR\n    echo \"error: The sandbox is not in sync with the Podfile.lock. Run 'pod install' or update your CocoaPods installation.\" >&2\n    exit 1\nfi\n";
			showEnvVarsInLog = 0;
		};
		DE13D7F0EB386BA29F19AFAB /* [CP] Copy Pods Resources */ = {
			isa = PBXShellScriptBuildPhase;
			buildActionMask = 2147483647;
			files = (
			);
			inputPaths = (
			);
			name = "[CP] Copy Pods Resources";
			outputPaths = (
			);
			runOnlyForDeploymentPostprocessing = 0;
			shellPath = /bin/sh;
			shellScript = "\"${SRCROOT}/Pods/Target Support Files/Pods-BaldrTests/Pods-BaldrTests-resources.sh\"\n";
			showEnvVarsInLog = 0;
		};
/* End PBXShellScriptBuildPhase section */

/* Begin PBXSourcesBuildPhase section */
		5A46E5371D95090D00A63C32 /* Sources */ = {
			isa = PBXSourcesBuildPhase;
			buildActionMask = 2147483647;
			files = (
				5AF59D301DDA06750053700C /* Baldr.xcdatamodeld in Sources */,
				5A9DABF51DA6698600E67B56 /* AddRoomViewController.swift in Sources */,
				5A46E5431D95090D00A63C32 /* RoomsTableViewController.swift in Sources */,
				A2D697821DB918A300200200 /* LightsTableViewCell.swift in Sources */,
				5AE333521DA05E4600D679BF /* MoodsTableViewController.swift in Sources */,
				5AE675C01DF05D2A0063DF87 /* EditLightViewController.swift in Sources */,
				5AC6993D1DA67D6F009432E2 /* MasterTableViewCell.swift in Sources */,
				5A9DABF11DA5A0EE00E67B56 /* AddLightViewController.swift in Sources */,
				A2206C461DD9EE8C00C2205E /* Light.swift in Sources */,
				5AC26AA51DE3FD990090ECAC /* CoreLightCell+CoreDataProperties.swift in Sources */,
				5AD0AB6E1DB392E60012B913 /* RoomsTableViewCell.swift in Sources */,
				5AD0AB721DB396D00012B913 /* MoodsTableViewCell.swift in Sources */,
				5A9DABF71DA6698F00E67B56 /* AddMoodViewController.swift in Sources */,
				5AC26AA41DE3FD990090ECAC /* CoreLightCell+CoreDataClass.swift in Sources */,
				5A46E53F1D95090D00A63C32 /* AppDelegate.swift in Sources */,
				5A46E5411D95090D00A63C32 /* LightsTableViewController.swift in Sources */,
			);
			runOnlyForDeploymentPostprocessing = 0;
		};
		5A46E54D1D95090D00A63C32 /* Sources */ = {
			isa = PBXSourcesBuildPhase;
			buildActionMask = 2147483647;
			files = (
				5A46E5561D95090D00A63C32 /* BaldrTests.swift in Sources */,
			);
			runOnlyForDeploymentPostprocessing = 0;
		};
		5A46E5581D95090D00A63C32 /* Sources */ = {
			isa = PBXSourcesBuildPhase;
			buildActionMask = 2147483647;
			files = (
				5A46E5611D95090D00A63C32 /* BaldrUITests.swift in Sources */,
			);
			runOnlyForDeploymentPostprocessing = 0;
		};
/* End PBXSourcesBuildPhase section */

/* Begin PBXTargetDependency section */
		5A46E5531D95090D00A63C32 /* PBXTargetDependency */ = {
			isa = PBXTargetDependency;
			target = 5A46E53A1D95090D00A63C32 /* Baldr */;
			targetProxy = 5A46E5521D95090D00A63C32 /* PBXContainerItemProxy */;
		};
		5A46E55E1D95090D00A63C32 /* PBXTargetDependency */ = {
			isa = PBXTargetDependency;
			target = 5A46E53A1D95090D00A63C32 /* Baldr */;
			targetProxy = 5A46E55D1D95090D00A63C32 /* PBXContainerItemProxy */;
		};
/* End PBXTargetDependency section */

/* Begin PBXVariantGroup section */
		5A46E5441D95090D00A63C32 /* Main.storyboard */ = {
			isa = PBXVariantGroup;
			children = (
				5A46E5451D95090D00A63C32 /* Base */,
			);
			name = Main.storyboard;
			sourceTree = "<group>";
		};
		5A46E5491D95090D00A63C32 /* LaunchScreen.storyboard */ = {
			isa = PBXVariantGroup;
			children = (
				5A46E54A1D95090D00A63C32 /* Base */,
			);
			name = LaunchScreen.storyboard;
			sourceTree = "<group>";
		};
/* End PBXVariantGroup section */

/* Begin XCBuildConfiguration section */
		5A46E5631D95090D00A63C32 /* Debug */ = {
			isa = XCBuildConfiguration;
			buildSettings = {
				ALWAYS_SEARCH_USER_PATHS = NO;
				CLANG_ANALYZER_NONNULL = YES;
				CLANG_CXX_LANGUAGE_STANDARD = "gnu++0x";
				CLANG_CXX_LIBRARY = "libc++";
				CLANG_ENABLE_MODULES = YES;
				CLANG_ENABLE_OBJC_ARC = YES;
				CLANG_WARN_BOOL_CONVERSION = YES;
				CLANG_WARN_CONSTANT_CONVERSION = YES;
				CLANG_WARN_DIRECT_OBJC_ISA_USAGE = YES_ERROR;
				CLANG_WARN_DOCUMENTATION_COMMENTS = YES;
				CLANG_WARN_EMPTY_BODY = YES;
				CLANG_WARN_ENUM_CONVERSION = YES;
				CLANG_WARN_INFINITE_RECURSION = YES;
				CLANG_WARN_INT_CONVERSION = YES;
				CLANG_WARN_OBJC_ROOT_CLASS = YES_ERROR;
				CLANG_WARN_SUSPICIOUS_MOVE = YES;
				CLANG_WARN_SUSPICIOUS_MOVES = YES;
				CLANG_WARN_UNREACHABLE_CODE = YES;
				CLANG_WARN__DUPLICATE_METHOD_MATCH = YES;
				"CODE_SIGN_IDENTITY[sdk=iphoneos*]" = "iPhone Developer";
				COPY_PHASE_STRIP = NO;
				DEBUG_INFORMATION_FORMAT = dwarf;
				ENABLE_STRICT_OBJC_MSGSEND = YES;
				ENABLE_TESTABILITY = YES;
				FRAMEWORK_SEARCH_PATHS = "";
				GCC_C_LANGUAGE_STANDARD = gnu99;
				GCC_DYNAMIC_NO_PIC = NO;
				GCC_NO_COMMON_BLOCKS = YES;
				GCC_OPTIMIZATION_LEVEL = 0;
				GCC_PREPROCESSOR_DEFINITIONS = (
					"DEBUG=1",
					"$(inherited)",
				);
				GCC_WARN_64_TO_32_BIT_CONVERSION = YES;
				GCC_WARN_ABOUT_RETURN_TYPE = YES_ERROR;
				GCC_WARN_UNDECLARED_SELECTOR = YES;
				GCC_WARN_UNINITIALIZED_AUTOS = YES_AGGRESSIVE;
				GCC_WARN_UNUSED_FUNCTION = YES;
				GCC_WARN_UNUSED_VARIABLE = YES;
				IPHONEOS_DEPLOYMENT_TARGET = 10.0;
				MTL_ENABLE_DEBUG_INFO = YES;
				ONLY_ACTIVE_ARCH = YES;
				SDKROOT = iphoneos;
				SWIFT_ACTIVE_COMPILATION_CONDITIONS = DEBUG;
				SWIFT_OPTIMIZATION_LEVEL = "-Onone";
				TARGETED_DEVICE_FAMILY = "1,2";
				VALID_ARCHS = arm64;
			};
			name = Debug;
		};
		5A46E5641D95090D00A63C32 /* Release */ = {
			isa = XCBuildConfiguration;
			buildSettings = {
				ALWAYS_SEARCH_USER_PATHS = NO;
				CLANG_ANALYZER_NONNULL = YES;
				CLANG_CXX_LANGUAGE_STANDARD = "gnu++0x";
				CLANG_CXX_LIBRARY = "libc++";
				CLANG_ENABLE_MODULES = YES;
				CLANG_ENABLE_OBJC_ARC = YES;
				CLANG_WARN_BOOL_CONVERSION = YES;
				CLANG_WARN_CONSTANT_CONVERSION = YES;
				CLANG_WARN_DIRECT_OBJC_ISA_USAGE = YES_ERROR;
				CLANG_WARN_DOCUMENTATION_COMMENTS = YES;
				CLANG_WARN_EMPTY_BODY = YES;
				CLANG_WARN_ENUM_CONVERSION = YES;
				CLANG_WARN_INFINITE_RECURSION = YES;
				CLANG_WARN_INT_CONVERSION = YES;
				CLANG_WARN_OBJC_ROOT_CLASS = YES_ERROR;
				CLANG_WARN_SUSPICIOUS_MOVE = YES;
				CLANG_WARN_SUSPICIOUS_MOVES = YES;
				CLANG_WARN_UNREACHABLE_CODE = YES;
				CLANG_WARN__DUPLICATE_METHOD_MATCH = YES;
				"CODE_SIGN_IDENTITY[sdk=*]" = "iPhone Developer";
				COPY_PHASE_STRIP = NO;
				DEBUG_INFORMATION_FORMAT = "dwarf-with-dsym";
				ENABLE_NS_ASSERTIONS = NO;
				ENABLE_STRICT_OBJC_MSGSEND = YES;
				FRAMEWORK_SEARCH_PATHS = "";
				GCC_C_LANGUAGE_STANDARD = gnu99;
				GCC_NO_COMMON_BLOCKS = YES;
				GCC_WARN_64_TO_32_BIT_CONVERSION = YES;
				GCC_WARN_ABOUT_RETURN_TYPE = YES_ERROR;
				GCC_WARN_UNDECLARED_SELECTOR = YES;
				GCC_WARN_UNINITIALIZED_AUTOS = YES_AGGRESSIVE;
				GCC_WARN_UNUSED_FUNCTION = YES;
				GCC_WARN_UNUSED_VARIABLE = YES;
				IPHONEOS_DEPLOYMENT_TARGET = 10.0;
				MTL_ENABLE_DEBUG_INFO = NO;
				SDKROOT = iphoneos;
				SWIFT_OPTIMIZATION_LEVEL = "-Owholemodule";
				TARGETED_DEVICE_FAMILY = "1,2";
				VALIDATE_PRODUCT = YES;
			};
			name = Release;
		};
		5A46E5661D95090D00A63C32 /* Debug */ = {
			isa = XCBuildConfiguration;
			baseConfigurationReference = BB09EA7C99839BCDB3F0CC30 /* Pods-Baldr.debug.xcconfig */;
			buildSettings = {
				ALWAYS_EMBED_SWIFT_STANDARD_LIBRARIES = YES;
				ALWAYS_SEARCH_USER_PATHS = NO;
				ASSETCATALOG_COMPILER_APPICON_NAME = AppIcon;
				DEVELOPMENT_TEAM = 7V33P253N4;
				FRAMEWORK_SEARCH_PATHS = (
					"$(inherited)",
					"\"$PODS_CONFIGURATION_BUILD_DIR/CocoaAsyncSocket\"",
					"\"$PODS_CONFIGURATION_BUILD_DIR/CocoaMQTT\"",
					"\"$PODS_CONFIGURATION_BUILD_DIR/MSWeakTimer\"",
					"\"$PODS_CONFIGURATION_BUILD_DIR/SwiftyJSON\"",
				);
				INFOPLIST_FILE = Baldr/Info.plist;
				LD_RUNPATH_SEARCH_PATHS = "$(inherited) @executable_path/Frameworks";
				LIBRARY_SEARCH_PATHS = "";
				PRODUCT_BUNDLE_IDENTIFIER = com.team7.Baldr;
				PRODUCT_NAME = "$(TARGET_NAME)";
				SWIFT_VERSION = 3.0;
				VALID_ARCHS = arm64;
			};
			name = Debug;
		};
		5A46E5671D95090D00A63C32 /* Release */ = {
			isa = XCBuildConfiguration;
			baseConfigurationReference = 018FF7EFC16388258F57F2C3 /* Pods-Baldr.release.xcconfig */;
			buildSettings = {
				ALWAYS_EMBED_SWIFT_STANDARD_LIBRARIES = YES;
				ALWAYS_SEARCH_USER_PATHS = NO;
				ASSETCATALOG_COMPILER_APPICON_NAME = AppIcon;
				DEVELOPMENT_TEAM = 7V33P253N4;
				FRAMEWORK_SEARCH_PATHS = (
					"$(inherited)",
					"\"$PODS_CONFIGURATION_BUILD_DIR/CocoaAsyncSocket\"",
					"\"$PODS_CONFIGURATION_BUILD_DIR/CocoaMQTT\"",
					"\"$PODS_CONFIGURATION_BUILD_DIR/MSWeakTimer\"",
					"\"$PODS_CONFIGURATION_BUILD_DIR/SwiftyJSON\"",
				);
				INFOPLIST_FILE = Baldr/Info.plist;
				LD_RUNPATH_SEARCH_PATHS = "$(inherited) @executable_path/Frameworks";
				LIBRARY_SEARCH_PATHS = "";
				PRODUCT_BUNDLE_IDENTIFIER = com.team7.Baldr;
				PRODUCT_NAME = "$(TARGET_NAME)";
				SWIFT_VERSION = 3.0;
			};
			name = Release;
		};
		5A46E5691D95090D00A63C32 /* Debug */ = {
			isa = XCBuildConfiguration;
			baseConfigurationReference = CA66151C54CEA96964580E22 /* Pods-BaldrTests.debug.xcconfig */;
			buildSettings = {
				ALWAYS_EMBED_SWIFT_STANDARD_LIBRARIES = YES;
				BUNDLE_LOADER = "$(TEST_HOST)";
				DEVELOPMENT_TEAM = 7V33P253N4;
				INFOPLIST_FILE = BaldrTests/Info.plist;
				LD_RUNPATH_SEARCH_PATHS = "$(inherited) @executable_path/Frameworks @loader_path/Frameworks";
				PRODUCT_BUNDLE_IDENTIFIER = com.team7.BaldrTests;
				PRODUCT_NAME = "$(TARGET_NAME)";
				SWIFT_VERSION = 3.0;
				TEST_HOST = "$(BUILT_PRODUCTS_DIR)/Baldr.app/Baldr";
			};
			name = Debug;
		};
		5A46E56A1D95090D00A63C32 /* Release */ = {
			isa = XCBuildConfiguration;
			baseConfigurationReference = 43541D11A501E8EDF43DA821 /* Pods-BaldrTests.release.xcconfig */;
			buildSettings = {
				ALWAYS_EMBED_SWIFT_STANDARD_LIBRARIES = YES;
				BUNDLE_LOADER = "$(TEST_HOST)";
				DEVELOPMENT_TEAM = 7V33P253N4;
				INFOPLIST_FILE = BaldrTests/Info.plist;
				LD_RUNPATH_SEARCH_PATHS = "$(inherited) @executable_path/Frameworks @loader_path/Frameworks";
				PRODUCT_BUNDLE_IDENTIFIER = com.team7.BaldrTests;
				PRODUCT_NAME = "$(TARGET_NAME)";
				SWIFT_VERSION = 3.0;
				TEST_HOST = "$(BUILT_PRODUCTS_DIR)/Baldr.app/Baldr";
			};
			name = Release;
		};
		5A46E56C1D95090D00A63C32 /* Debug */ = {
			isa = XCBuildConfiguration;
			baseConfigurationReference = 47C7466225909A0D460ED22F /* Pods-BaldrUITests.debug.xcconfig */;
			buildSettings = {
				ALWAYS_EMBED_SWIFT_STANDARD_LIBRARIES = YES;
				DEVELOPMENT_TEAM = 7V33P253N4;
				INFOPLIST_FILE = BaldrUITests/Info.plist;
				LD_RUNPATH_SEARCH_PATHS = "$(inherited) @executable_path/Frameworks @loader_path/Frameworks";
				PRODUCT_BUNDLE_IDENTIFIER = com.team7.BaldrUITests;
				PRODUCT_NAME = "$(TARGET_NAME)";
				SWIFT_VERSION = 3.0;
				TEST_TARGET_NAME = Baldr;
			};
			name = Debug;
		};
		5A46E56D1D95090D00A63C32 /* Release */ = {
			isa = XCBuildConfiguration;
			baseConfigurationReference = ABA94BA0416A01FA452F191D /* Pods-BaldrUITests.release.xcconfig */;
			buildSettings = {
				ALWAYS_EMBED_SWIFT_STANDARD_LIBRARIES = YES;
				DEVELOPMENT_TEAM = 7V33P253N4;
				INFOPLIST_FILE = BaldrUITests/Info.plist;
				LD_RUNPATH_SEARCH_PATHS = "$(inherited) @executable_path/Frameworks @loader_path/Frameworks";
				PRODUCT_BUNDLE_IDENTIFIER = com.team7.BaldrUITests;
				PRODUCT_NAME = "$(TARGET_NAME)";
				SWIFT_VERSION = 3.0;
				TEST_TARGET_NAME = Baldr;
			};
			name = Release;
		};
/* End XCBuildConfiguration section */

/* Begin XCConfigurationList section */
		5A46E5361D95090C00A63C32 /* Build configuration list for PBXProject "Baldr" */ = {
			isa = XCConfigurationList;
			buildConfigurations = (
				5A46E5631D95090D00A63C32 /* Debug */,
				5A46E5641D95090D00A63C32 /* Release */,
			);
			defaultConfigurationIsVisible = 0;
			defaultConfigurationName = Release;
		};
		5A46E5651D95090D00A63C32 /* Build configuration list for PBXNativeTarget "Baldr" */ = {
			isa = XCConfigurationList;
			buildConfigurations = (
				5A46E5661D95090D00A63C32 /* Debug */,
				5A46E5671D95090D00A63C32 /* Release */,
			);
			defaultConfigurationIsVisible = 0;
			defaultConfigurationName = Release;
		};
		5A46E5681D95090D00A63C32 /* Build configuration list for PBXNativeTarget "BaldrTests" */ = {
			isa = XCConfigurationList;
			buildConfigurations = (
				5A46E5691D95090D00A63C32 /* Debug */,
				5A46E56A1D95090D00A63C32 /* Release */,
			);
			defaultConfigurationIsVisible = 0;
			defaultConfigurationName = Release;
		};
		5A46E56B1D95090D00A63C32 /* Build configuration list for PBXNativeTarget "BaldrUITests" */ = {
			isa = XCConfigurationList;
			buildConfigurations = (
				5A46E56C1D95090D00A63C32 /* Debug */,
				5A46E56D1D95090D00A63C32 /* Release */,
			);
			defaultConfigurationIsVisible = 0;
			defaultConfigurationName = Release;
		};
/* End XCConfigurationList section */

/* Begin XCVersionGroup section */
		5AF59D2E1DDA06750053700C /* Baldr.xcdatamodeld */ = {
			isa = XCVersionGroup;
			children = (
				5AF59D2F1DDA06750053700C /* Baldr.xcdatamodel */,
			);
			currentVersion = 5AF59D2F1DDA06750053700C /* Baldr.xcdatamodel */;
			path = Baldr.xcdatamodeld;
			sourceTree = "<group>";
			versionGroupType = wrapper.xcdatamodel;
		};
/* End XCVersionGroup section */
	};
	rootObject = 5A46E5331D95090C00A63C32 /* Project object */;
}
